<Solution>
  <Folder Name="/src/">
    <Project Path="src/EQ2Parser.App/EQ2Parser.App.csproj" />
    <Project Path="src/EQ2Parser.Core/EQ2Parser.Core.csproj" />
  </Folder>
  <Folder Name="/tests/">
    <Project Path="tests/EQ2Parser.Core.Tests/EQ2Parser.Core.Tests.csproj" />
  </Folder>
</Solution>
